// !$*UTF8*$!
{
	archiveVersion = 1;
	classes = {
	};
	objectVersion = 46;
	objects = {

/* Begin PBXBuildFile section */
		82F7EEE21ADC9ADF0033D68A /* main.m in Sources */ = {isa = PBXBuildFile; fileRef = 82F7EEE11ADC9ADF0033D68A /* main.m */; };
		82F7EEE51ADC9ADF0033D68A /* AppDelegate.m in Sources */ = {isa = PBXBuildFile; fileRef = 82F7EEE41ADC9ADF0033D68A /* AppDelegate.m */; };
		82F7EEE81ADC9ADF0033D68A /* ViewController.m in Sources */ = {isa = PBXBuildFile; fileRef = 82F7EEE71ADC9ADF0033D68A /* ViewController.m */; };
		82F7EEEB1ADC9ADF0033D68A /* Main.storyboard in Resources */ = {isa = PBXBuildFile; fileRef = 82F7EEE91ADC9ADF0033D68A /* Main.storyboard */; };
		82F7EEED1ADC9ADF0033D68A /* Images.xcassets in Resources */ = {isa = PBXBuildFile; fileRef = 82F7EEEC1ADC9ADF0033D68A /* Images.xcassets */; };
		82F7EEF01ADC9ADF0033D68A /* LaunchScreen.xib in Resources */ = {isa = PBXBuildFile; fileRef = 82F7EEEE1ADC9ADF0033D68A /* LaunchScreen.xib */; };
		82F7EEFC1ADC9ADF0033D68A /* UITableViewControllerChallengeTests.m in Sources */ = {isa = PBXBuildFile; fileRef = 82F7EEFB1ADC9ADF0033D68A /* UITableViewControllerChallengeTests.m */; };
/* End PBXBuildFile section */

/* Begin PBXContainerItemProxy section */
		82F7EEF61ADC9ADF0033D68A /* PBXContainerItemProxy */ = {
			isa = PBXContainerItemProxy;
			containerPortal = 82F7EED41ADC9ADF0033D68A /* Project object */;
			proxyType = 1;
			remoteGlobalIDString = 82F7EEDB1ADC9ADF0033D68A;
			remoteInfo = UITableViewControllerChallenge;
		};
/* End PBXContainerItemProxy section */

/* Begin PBXFileReference section */
		82F7EEDC1ADC9ADF0033D68A /* UITableViewControllerChallenge.app */ = {isa = PBXFileReference; explicitFileType = wrapper.application; includeInIndex = 0; path = UITableViewControllerChallenge.app; sourceTree = BUILT_PRODUCTS_DIR; };
		82F7EEE01ADC9ADF0033D68A /* Info.plist */ = {isa = PBXFileReference; lastKnownFileType = text.plist.xml; path = Info.plist; sourceTree = "<group>"; };
		82F7EEE11ADC9ADF0033D68A /* main.m */ = {isa = PBXFileReference; lastKnownFileType = sourcecode.c.objc; path = main.m; sourceTree = "<group>"; };
		82F7EEE31ADC9ADF0033D68A /* AppDelegate.h */ = {isa = PBXFileReference; lastKnownFileType = sourcecode.c.h; path = AppDelegate.h; sourceTree = "<group>"; };
		82F7EEE41ADC9ADF0033D68A /* AppDelegate.m */ = {isa = PBXFileReference; lastKnownFileType = sourcecode.c.objc; path = AppDelegate.m; sourceTree = "<group>"; };
		82F7EEE61ADC9ADF0033D68A /* ViewController.h */ = {isa = PBXFileReference; lastKnownFileType = sourcecode.c.h; path = ViewController.h; sourceTree = "<group>"; };
		82F7EEE71ADC9ADF0033D68A /* ViewController.m */ = {isa = PBXFileReference; lastKnownFileType = sourcecode.c.objc; path = ViewController.m; sourceTree = "<group>"; };
		82F7EEEA1ADC9ADF0033D68A /* Base */ = {isa = PBXFileReference; lastKnownFileType = file.storyboard; name = Base; path = Base.lproj/Main.storyboard; sourceTree = "<group>"; };
		82F7EEEC1ADC9ADF0033D68A /* Images.xcassets */ = {isa = PBXFileReference; lastKnownFileType = folder.assetcatalog; path = Images.xcassets; sourceTree = "<group>"; };
		82F7EEEF1ADC9ADF0033D68A /* Base */ = {isa = PBXFileReference; lastKnownFileType = file.xib; name = Base; path = Base.lproj/LaunchScreen.xib; sourceTree = "<group>"; };
		82F7EEF51ADC9ADF0033D68A /* UITableViewControllerChallengeTests.xctest */ = {isa = PBXFileReference; explicitFileType = wrapper.cfbundle; includeInIndex = 0; path = UITableViewControllerChallengeTests.xctest; sourceTree = BUILT_PRODUCTS_DIR; };
		82F7EEFA1ADC9ADF0033D68A /* Info.plist */ = {isa = PBXFileReference; lastKnownFileType = text.plist.xml; path = Info.plist; sourceTree = "<group>"; };
		82F7EEFB1ADC9ADF0033D68A /* UITableViewControllerChallengeTests.m */ = {isa = PBXFileReference; lastKnownFileType = sourcecode.c.objc; path = UITableViewControllerChallengeTests.m; sourceTree = "<group>"; };
/* End PBXFileReference section */

/* Begin PBXFrameworksBuildPhase section */
		82F7EED91ADC9ADF0033D68A /* Frameworks */ = {
			isa = PBXFrameworksBuildPhase;
			buildActionMask = 2147483647;
			files = (
			);
			runOnlyForDeploymentPostprocessing = 0;
		};
		82F7EEF21ADC9ADF0033D68A /* Frameworks */ = {
			isa = PBXFrameworksBuildPhase;
			buildActionMask = 2147483647;
			files = (
			);
			runOnlyForDeploymentPostprocessing = 0;
		};
/* End PBXFrameworksBuildPhase section */

/* Begin PBXGroup section */
		82F7EED31ADC9ADF0033D68A = {
			isa = PBXGroup;
			children = (
				82F7EEDE1ADC9ADF0033D68A /* UITableViewControllerChallenge */,
				82F7EEF81ADC9ADF0033D68A /* UITableViewControllerChallengeTests */,
				82F7EEDD1ADC9ADF0033D68A /* Products */,
			);
			sourceTree = "<group>";
		};
		82F7EEDD1ADC9ADF0033D68A /* Products */ = {
			isa = PBXGroup;
			children = (
				82F7EEDC1ADC9ADF0033D68A /* UITableViewControllerChallenge.app */,
				82F7EEF51ADC9ADF0033D68A /* UITableViewControllerChallengeTests.xctest */,
			);
			name = Products;
			sourceTree = "<group>";
		};
		82F7EEDE1ADC9ADF0033D68A /* UITableViewControllerChallenge */ = {
			isa = PBXGroup;
			children = (
				82F7EEE31ADC9ADF0033D68A /* AppDelegate.h */,
				82F7EEE41ADC9ADF0033D68A /* AppDelegate.m */,
				82F7EEE61ADC9ADF0033D68A /* ViewController.h */,
				82F7EEE71ADC9ADF0033D68A /* ViewController.m */,
				82F7EEE91ADC9ADF0033D68A /* Main.storyboard */,
				82F7EEEC1ADC9ADF0033D68A /* Images.xcassets */,
				82F7EEEE1ADC9ADF0033D68A /* LaunchScreen.xib */,
				82F7EEDF1ADC9ADF0033D68A /* Supporting Files */,
			);
			path = UITableViewControllerChallenge;
			sourceTree = "<group>";
		};
		82F7EEDF1ADC9ADF0033D68A /* Supporting Files */ = {
			isa = PBXGroup;
			children = (
				82F7EEE01ADC9ADF0033D68A /* Info.plist */,
				82F7EEE11ADC9ADF0033D68A /* main.m */,
			);
			name = "Supporting Files";
			sourceTree = "<group>";
		};
		82F7EEF81ADC9ADF0033D68A /* UITableViewControllerChallengeTests */ = {
			isa = PBXGroup;
			children = (
				82F7EEFB1ADC9ADF0033D68A /* UITableViewControllerChallengeTests.m */,
				82F7EEF91ADC9ADF0033D68A /* Supporting Files */,
			);
			path = UITableViewControllerChallengeTests;
			sourceTree = "<group>";
		};
		82F7EEF91ADC9ADF0033D68A /* Supporting Files */ = {
			isa = PBXGroup;
			children = (
				82F7EEFA1ADC9ADF0033D68A /* Info.plist */,
			);
			name = "Supporting Files";
			sourceTree = "<group>";
		};
/* End PBXGroup section */

/* Begin PBXNativeTarget section */
		82F7EEDB1ADC9ADF0033D68A /* UITableViewControllerChallenge */ = {
			isa = PBXNativeTarget;
			buildConfigurationList = 82F7EEFF1ADC9ADF0033D68A /* Build configuration list for PBXNativeTarget "UITableViewControllerChallenge" */;
			buildPhases = (
				82F7EED81ADC9ADF0033D68A /* Sources */,
				82F7EED91ADC9ADF0033D68A /* Frameworks */,
				82F7EEDA1ADC9ADF0033D68A /* Resources */,
			);
			buildRules = (
			);
			dependencies = (
			);
			name = UITableViewControllerChallenge;
			productName = UITableViewControllerChallenge;
			productReference = 82F7EEDC1ADC9ADF0033D68A /* UITableViewControllerChallenge.app */;
			productType = "com.apple.product-type.application";
		};
		82F7EEF41ADC9ADF0033D68A /* UITableViewControllerChallengeTests */ = {
			isa = PBXNativeTarget;
			buildConfigurationList = 82F7EF021ADC9ADF0033D68A /* Build configuration list for PBXNativeTarget "UITableViewControllerChallengeTests" */;
			buildPhases = (
				82F7EEF11ADC9ADF0033D68A /* Sources */,
				82F7EEF21ADC9ADF0033D68A /* Frameworks */,
				82F7EEF31ADC9ADF0033D68A /* Resources */,
			);
			buildRules = (
			);
			dependencies = (
				82F7EEF71ADC9ADF0033D68A /* PBXTargetDependency */,
			);
			name = UITableViewControllerChallengeTests;
			productName = UITableViewControllerChallengeTests;
			productReference = 82F7EEF51ADC9ADF0033D68A /* UITableViewControllerChallengeTests.xctest */;
			productType = "com.apple.product-type.bundle.unit-test";
		};
/* End PBXNativeTarget section */

/* Begin PBXProject section */
		82F7EED41ADC9ADF0033D68A /* Project object */ = {
			isa = PBXProject;
			attributes = {
				LastUpgradeCheck = 0610;
				ORGANIZATIONNAME = eTouch;
				TargetAttributes = {
					82F7EEDB1ADC9ADF0033D68A = {
						CreatedOnToolsVersion = 6.1;
					};
					82F7EEF41ADC9ADF0033D68A = {
						CreatedOnToolsVersion = 6.1;
						TestTargetID = 82F7EEDB1ADC9ADF0033D68A;
					};
				};
			};
			buildConfigurationList = 82F7EED71ADC9ADF0033D68A /* Build configuration list for PBXProject "UITableViewControllerChallenge" */;
			compatibilityVersion = "Xcode 3.2";
			developmentRegion = English;
			hasScannedForEncodings = 0;
			knownRegions = (
				en,
				Base,
			);
			mainGroup = 82F7EED31ADC9ADF0033D68A;
			productRefGroup = 82F7EEDD1ADC9ADF0033D68A /* Products */;
			projectDirPath = "";
			projectRoot = "";
			targets = (
				82F7EEDB1ADC9ADF0033D68A /* UITableViewControllerChallenge */,
				82F7EEF41ADC9ADF0033D68A /* UITableViewControllerChallengeTests */,
			);
		};
/* End PBXProject section */

/* Begin PBXResourcesBuildPhase section */
		82F7EEDA1ADC9ADF0033D68A /* Resources */ = {
			isa = PBXResourcesBuildPhase;
			buildActionMask = 2147483647;
			files = (
				82F7EEEB1ADC9ADF0033D68A /* Main.storyboard in Resources */,
				82F7EEF01ADC9ADF0033D68A /* LaunchScreen.xib in Resources */,
				82F7EEED1ADC9ADF0033D68A /* Images.xcassets in Resources */,
			);
			runOnlyForDeploymentPostprocessing = 0;
		};
		82F7EEF31ADC9ADF0033D68A /* Resources */ = {
			isa = PBXResourcesBuildPhase;
			buildActionMask = 2147483647;
			files = (
			);
			runOnlyForDeploymentPostprocessing = 0;
		};
/* End PBXResourcesBuildPhase section */

/* Begin PBXSourcesBuildPhase section */
		82F7EED81ADC9ADF0033D68A /* Sources */ = {
			isa = PBXSourcesBuildPhase;
			buildActionMask = 2147483647;
			files = (
				82F7EEE81ADC9ADF0033D68A /* ViewController.m in Sources */,
				82F7EEE51ADC9ADF0033D68A /* AppDelegate.m in Sources */,
				82F7EEE21ADC9ADF0033D68A /* main.m in Sources */,
			);
			runOnlyForDeploymentPostprocessing = 0;
		};
		82F7EEF11ADC9ADF0033D68A /* Sources */ = {
			isa = PBXSourcesBuildPhase;
			buildActionMask = 2147483647;
			files = (
				82F7EEFC1ADC9ADF0033D68A /* UITableViewControllerChallengeTests.m in Sources */,
			);
			runOnlyForDeploymentPostprocessing = 0;
		};
/* End PBXSourcesBuildPhase section */

/* Begin PBXTargetDependency section */
		82F7EEF71ADC9ADF0033D68A /* PBXTargetDependency */ = {
			isa = PBXTargetDependency;
			target = 82F7EEDB1ADC9ADF0033D68A /* UITableViewControllerChallenge */;
			targetProxy = 82F7EEF61ADC9ADF0033D68A /* PBXContainerItemProxy */;
		};
/* End PBXTargetDependency section */

/* Begin PBXVariantGroup section */
		82F7EEE91ADC9ADF0033D68A /* Main.storyboard */ = {
			isa = PBXVariantGroup;
			children = (
				82F7EEEA1ADC9ADF0033D68A /* Base */,
			);
			name = Main.storyboard;
			sourceTree = "<group>";
		};
		82F7EEEE1ADC9ADF0033D68A /* LaunchScreen.xib */ = {
			isa = PBXVariantGroup;
			children = (
				82F7EEEF1ADC9ADF0033D68A /* Base */,
			);
			name = LaunchScreen.xib;
			sourceTree = "<group>";
		};
/* End PBXVariantGroup section */

/* Begin XCBuildConfiguration section */
		82F7EEFD1ADC9ADF0033D68A /* Debug */ = {
			isa = XCBuildConfiguration;
			buildSettings = {
				ALWAYS_SEARCH_USER_PATHS = NO;
				CLANG_CXX_LANGUAGE_STANDARD = "gnu++0x";
				CLANG_CXX_LIBRARY = "libc++";
				CLANG_ENABLE_MODULES = YES;
				CLANG_ENABLE_OBJC_ARC = YES;
				CLANG_WARN_BOOL_CONVERSION = YES;
				CLANG_WARN_CONSTANT_CONVERSION = YES;
				CLANG_WARN_DIRECT_OBJC_ISA_USAGE = YES_ERROR;
				CLANG_WARN_EMPTY_BODY = YES;
				CLANG_WARN_ENUM_CONVERSION = YES;
				CLANG_WARN_INT_CONVERSION = YES;
				CLANG_WARN_OBJC_ROOT_CLASS = YES_ERROR;
				CLANG_WARN_UNREACHABLE_CODE = YES;
				CLANG_WARN__DUPLICATE_METHOD_MATCH = YES;
				"CODE_SIGN_IDENTITY[sdk=iphoneos*]" = "iPhone Developer";
				COPY_PHASE_STRIP = NO;
				ENABLE_STRICT_OBJC_MSGSEND = YES;
				GCC_C_LANGUAGE_STANDARD = gnu99;
				GCC_DYNAMIC_NO_PIC = NO;
				GCC_OPTIMIZATION_LEVEL = 0;
				GCC_PREPROCESSOR_DEFINITIONS = (
					"DEBUG=1",
					"$(inherited)",
				);
				GCC_SYMBOLS_PRIVATE_EXTERN = NO;
				GCC_WARN_64_TO_32_BIT_CONVERSION = YES;
				GCC_WARN_ABOUT_RETURN_TYPE = YES_ERROR;
				GCC_WARN_UNDECLARED_SELECTOR = YES;
				GCC_WARN_UNINITIALIZED_AUTOS = YES_AGGRESSIVE;
				GCC_WARN_UNUSED_FUNCTION = YES;
				GCC_WARN_UNUSED_VARIABLE = YES;
				IPHONEOS_DEPLOYMENT_TARGET = 8.1;
				MTL_ENABLE_DEBUG_INFO = YES;
				ONLY_ACTIVE_ARCH = YES;
				SDKROOT = iphoneos;
			};
			name = Debug;
		};
		82F7EEFE1ADC9ADF0033D68A /* Release */ = {
			isa = XCBuildConfiguration;
			buildSettings = {
				ALWAYS_SEARCH_USER_PATHS = NO;
				CLANG_CXX_LANGUAGE_STANDARD = "gnu++0x";
				CLANG_CXX_LIBRARY = "libc++";
				CLANG_ENABLE_MODULES = YES;
				CLANG_ENABLE_OBJC_ARC = YES;
				CLANG_WARN_BOOL_CONVERSION = YES;
				CLANG_WARN_CONSTANT_CONVERSION = YES;
				CLANG_WARN_DIRECT_OBJC_ISA_USAGE = YES_ERROR;
				CLANG_WARN_EMPTY_BODY = YES;
				CLANG_WARN_ENUM_CONVERSION = YES;
				CLANG_WARN_INT_CONVERSION = YES;
				CLANG_WARN_OBJC_ROOT_CLASS = YES_ERROR;
				CLANG_WARN_UNREACHABLE_CODE = YES;
				CLANG_WARN__DUPLICATE_METHOD_MATCH = YES;
				"CODE_SIGN_IDENTITY[sdk=iphoneos*]" = "iPhone Developer";
				COPY_PHASE_STRIP = YES;
				ENABLE_NS_ASSERTIONS = NO;
				ENABLE_STRICT_OBJC_MSGSEND = YES;
				GCC_C_LANGUAGE_STANDARD = gnu99;
				GCC_WARN_64_TO_32_BIT_CONVERSION = YES;
				GCC_WARN_ABOUT_RETURN_TYPE = YES_ERROR;
				GCC_WARN_UNDECLARED_SELECTOR = YES;
				GCC_WARN_UNINITIALIZED_AUTOS = YES_AGGRESSIVE;
				GCC_WARN_UNUSED_FUNCTION = YES;
				GCC_WARN_UNUSED_VARIABLE = YES;
				IPHONEOS_DEPLOYMENT_TARGET = 8.1;
				MTL_ENABLE_DEBUG_INFO = NO;
				SDKROOT = iphoneos;
				VALIDATE_PRODUCT = YES;
			};
			name = Release;
		};
		82F7EF001ADC9ADF0033D68A /* Debug */ = {
			isa = XCBuildConfiguration;
			buildSettings = {
				ASSETCATALOG_COMPILER_APPICON_NAME = AppIcon;
				INFOPLIST_FILE = UITableViewControllerChallenge/Info.plist;
				LD_RUNPATH_SEARCH_PATHS = "$(inherited) @executable_path/Frameworks";
				PRODUCT_NAME = "$(TARGET_NAME)";
			};
			name = Debug;
		};
		82F7EF011ADC9ADF0033D68A /* Release */ = {
			isa = XCBuildConfiguration;
			buildSettings = {
				ASSETCATALOG_COMPILER_APPICON_NAME = AppIcon;
				INFOPLIST_FILE = UITableViewControllerChallenge/Info.plist;
				LD_RUNPATH_SEARCH_PATHS = "$(inherited) @executable_path/Frameworks";
				PRODUCT_NAME = "$(TARGET_NAME)";
			};
			name = Release;
		};
		82F7EF031ADC9ADF0033D68A /* Debug */ = {
			isa = XCBuildConfiguration;
			buildSettings = {
				BUNDLE_LOADER = "$(TEST_HOST)";
				FRAMEWORK_SEARCH_PATHS = (
					"$(SDKROOT)/Developer/Library/Frameworks",
					"$(inherited)",
				);
				GCC_PREPROCESSOR_DEFINITIONS = (
					"DEBUG=1",
					"$(inherited)",
				);
				INFOPLIST_FILE = UITableViewControllerChallengeTests/Info.plist;
				LD_RUNPATH_SEARCH_PATHS = "$(inherited) @executable_path/Frameworks @loader_path/Frameworks";
				PRODUCT_NAME = "$(TARGET_NAME)";
				TEST_HOST = "$(BUILT_PRODUCTS_DIR)/UITableViewControllerChallenge.app/UITableViewControllerChallenge";
			};
			name = Debug;
		};
		82F7EF041ADC9ADF0033D68A /* Release */ = {
			isa = XCBuildConfiguration;
			buildSettings = {
				BUNDLE_LOADER = "$(TEST_HOST)";
				FRAMEWORK_SEARCH_PATHS = (
					"$(SDKROOT)/Developer/Library/Frameworks",
					"$(inherited)",
				);
				INFOPLIST_FILE = UITableViewControllerChallengeTests/Info.plist;
				LD_RUNPATH_SEARCH_PATHS = "$(inherited) @executable_path/Frameworks @loader_path/Frameworks";
				PRODUCT_NAME = "$(TARGET_NAME)";
				TEST_HOST = "$(BUILT_PRODUCTS_DIR)/UITableViewControllerChallenge.app/UITableViewControllerChallenge";
			};
			name = Release;
		};
/* End XCBuildConfiguration section */

/* Begin XCConfigurationList section */
		82F7EED71ADC9ADF0033D68A /* Build configuration list for PBXProject "UITableViewControllerChallenge" */ = {
			isa = XCConfigurationList;
			buildConfigurations = (
				82F7EEFD1ADC9ADF0033D68A /* Debug */,
				82F7EEFE1ADC9ADF0033D68A /* Release */,
			);
			defaultConfigurationIsVisible = 0;
			defaultConfigurationName = Release;
		};
		82F7EEFF1ADC9ADF0033D68A /* Build configuration list for PBXNativeTarget "UITableViewControllerChallenge" */ = {
			isa = XCConfigurationList;
			buildConfigurations = (
				82F7EF001ADC9ADF0033D68A /* Debug */,
				82F7EF011ADC9ADF0033D68A /* Release */,
			);
			defaultConfigurationIsVisible = 0;
		};
		82F7EF021ADC9ADF0033D68A /* Build configuration list for PBXNativeTarget "UITableViewControllerChallengeTests" */ = {
			isa = XCConfigurationList;
			buildConfigurations = (
				82F7EF031ADC9ADF0033D68A /* Debug */,
				82F7EF041ADC9ADF0033D68A /* Release */,
			);
			defaultConfigurationIsVisible = 0;
		};
/* End XCConfigurationList section */
	};
	rootObject = 82F7EED41ADC9ADF0033D68A /* Project object */;
}
